// !$*UTF8*$!
{
	archiveVersion = 1;
	classes = {
	};
	objectVersion = 56;
	objects = {

/* Begin PBXBuildFile section */
		4A136A702B097B28001AA82A /* KeychainSwift in Frameworks */ = {isa = PBXBuildFile; productRef = 4A136A6F2B097B28001AA82A /* KeychainSwift */; };
		4A136A722B097B2E001AA82A /* KeychainSwift in Frameworks */ = {isa = PBXBuildFile; productRef = 4A136A712B097B2E001AA82A /* KeychainSwift */; };
		4A136A732B097CC0001AA82A /* KeychainStore.swift in Sources */ = {isa = PBXBuildFile; fileRef = 4ADCE0DC2B0978B1001A32D9 /* KeychainStore.swift */; };
		4A5FD7942B08FCBC00686470 /* profit_count.json in Resources */ = {isa = PBXBuildFile; fileRef = 4A5FD7932B08FCBC00686470 /* profit_count.json */; };
		4A5FD7972B08FCEC00686470 /* ProfitCountDataModel.swift in Sources */ = {isa = PBXBuildFile; fileRef = 4A5FD7962B08FCEC00686470 /* ProfitCountDataModel.swift */; };
		4A8229292B07A34A00AB611D /* Glassnode_At_A_GlanceApp.swift in Sources */ = {isa = PBXBuildFile; fileRef = 4A8229282B07A34A00AB611D /* Glassnode_At_A_GlanceApp.swift */; };
		4A82292B2B07A34A00AB611D /* ContentView.swift in Sources */ = {isa = PBXBuildFile; fileRef = 4A82292A2B07A34A00AB611D /* ContentView.swift */; };
		4A82292D2B07A34B00AB611D /* Assets.xcassets in Resources */ = {isa = PBXBuildFile; fileRef = 4A82292C2B07A34B00AB611D /* Assets.xcassets */; };
		4A8229312B07A34B00AB611D /* Preview Assets.xcassets in Resources */ = {isa = PBXBuildFile; fileRef = 4A8229302B07A34B00AB611D /* Preview Assets.xcassets */; };
		4A8229572B07EEA700AB611D /* MainWindowView.swift in Sources */ = {isa = PBXBuildFile; fileRef = 4A8229562B07EEA700AB611D /* MainWindowView.swift */; };
		4A8229762B07F38F00AB611D /* WidgetKit.framework in Frameworks */ = {isa = PBXBuildFile; fileRef = 4A82293D2B07A39D00AB611D /* WidgetKit.framework */; };
		4A8229772B07F38F00AB611D /* SwiftUI.framework in Frameworks */ = {isa = PBXBuildFile; fileRef = 4A82293F2B07A39D00AB611D /* SwiftUI.framework */; };
		4A82297A2B07F38F00AB611D /* Metric_WidgetBundle.swift in Sources */ = {isa = PBXBuildFile; fileRef = 4A8229792B07F38F00AB611D /* Metric_WidgetBundle.swift */; };
		4A82297C2B07F38F00AB611D /* Metric_Widget.swift in Sources */ = {isa = PBXBuildFile; fileRef = 4A82297B2B07F38F00AB611D /* Metric_Widget.swift */; };
		4A82297E2B07F38F00AB611D /* AppIntent.swift in Sources */ = {isa = PBXBuildFile; fileRef = 4A82297D2B07F38F00AB611D /* AppIntent.swift */; };
		4A8229802B07F39000AB611D /* Assets.xcassets in Resources */ = {isa = PBXBuildFile; fileRef = 4A82297F2B07F39000AB611D /* Assets.xcassets */; };
		4A8229852B07F39000AB611D /* Metric WidgetExtension.appex in Embed Foundation Extensions */ = {isa = PBXBuildFile; fileRef = 4A8229752B07F38F00AB611D /* Metric WidgetExtension.appex */; settings = {ATTRIBUTES = (RemoveHeadersOnCopy, ); }; };
		4A82298C2B08105F00AB611D /* MetricService.swift in Sources */ = {isa = PBXBuildFile; fileRef = 4A82298A2B07F5B900AB611D /* MetricService.swift */; };
		4ADCE0D92B0905AE001A32D9 /* SharedDefaults.swift in Sources */ = {isa = PBXBuildFile; fileRef = 4ADCE0D82B0905AE001A32D9 /* SharedDefaults.swift */; };
		4ADCE0DA2B0905FA001A32D9 /* SharedDefaults.swift in Sources */ = {isa = PBXBuildFile; fileRef = 4ADCE0D82B0905AE001A32D9 /* SharedDefaults.swift */; };
		4ADCE0DD2B0978B1001A32D9 /* KeychainStore.swift in Sources */ = {isa = PBXBuildFile; fileRef = 4ADCE0DC2B0978B1001A32D9 /* KeychainStore.swift */; };
/* End PBXBuildFile section */

/* Begin PBXContainerItemProxy section */
		4A8229832B07F39000AB611D /* PBXContainerItemProxy */ = {
			isa = PBXContainerItemProxy;
			containerPortal = 4A82291D2B07A34900AB611D /* Project object */;
			proxyType = 1;
			remoteGlobalIDString = 4A8229742B07F38F00AB611D;
			remoteInfo = "Metric WidgetExtension";
		};
/* End PBXContainerItemProxy section */

/* Begin PBXCopyFilesBuildPhase section */
		4A8229532B07A39E00AB611D /* Embed Foundation Extensions */ = {
			isa = PBXCopyFilesBuildPhase;
			buildActionMask = 2147483647;
			dstPath = "";
			dstSubfolderSpec = 13;
			files = (
				4A8229852B07F39000AB611D /* Metric WidgetExtension.appex in Embed Foundation Extensions */,
			);
			name = "Embed Foundation Extensions";
			runOnlyForDeploymentPostprocessing = 0;
		};
/* End PBXCopyFilesBuildPhase section */

/* Begin PBXFileReference section */
		4A5FD7932B08FCBC00686470 /* profit_count.json */ = {isa = PBXFileReference; fileEncoding = 4; lastKnownFileType = text.json; path = profit_count.json; sourceTree = "<group>"; };
		4A5FD7962B08FCEC00686470 /* ProfitCountDataModel.swift */ = {isa = PBXFileReference; lastKnownFileType = sourcecode.swift; path = ProfitCountDataModel.swift; sourceTree = "<group>"; };
		4A8229252B07A34A00AB611D /* Glassnode At A Glance.app */ = {isa = PBXFileReference; explicitFileType = wrapper.application; includeInIndex = 0; path = "Glassnode At A Glance.app"; sourceTree = BUILT_PRODUCTS_DIR; };
		4A8229282B07A34A00AB611D /* Glassnode_At_A_GlanceApp.swift */ = {isa = PBXFileReference; lastKnownFileType = sourcecode.swift; path = Glassnode_At_A_GlanceApp.swift; sourceTree = "<group>"; };
		4A82292A2B07A34A00AB611D /* ContentView.swift */ = {isa = PBXFileReference; lastKnownFileType = sourcecode.swift; path = ContentView.swift; sourceTree = "<group>"; };
		4A82292C2B07A34B00AB611D /* Assets.xcassets */ = {isa = PBXFileReference; lastKnownFileType = folder.assetcatalog; path = Assets.xcassets; sourceTree = "<group>"; };
		4A82292E2B07A34B00AB611D /* Glassnode_At_A_Glance.entitlements */ = {isa = PBXFileReference; lastKnownFileType = text.plist.entitlements; path = Glassnode_At_A_Glance.entitlements; sourceTree = "<group>"; };
		4A8229302B07A34B00AB611D /* Preview Assets.xcassets */ = {isa = PBXFileReference; lastKnownFileType = folder.assetcatalog; path = "Preview Assets.xcassets"; sourceTree = "<group>"; };
		4A82293D2B07A39D00AB611D /* WidgetKit.framework */ = {isa = PBXFileReference; lastKnownFileType = wrapper.framework; name = WidgetKit.framework; path = System/Library/Frameworks/WidgetKit.framework; sourceTree = SDKROOT; };
		4A82293F2B07A39D00AB611D /* SwiftUI.framework */ = {isa = PBXFileReference; lastKnownFileType = wrapper.framework; name = SwiftUI.framework; path = System/Library/Frameworks/SwiftUI.framework; sourceTree = SDKROOT; };
		4A8229562B07EEA700AB611D /* MainWindowView.swift */ = {isa = PBXFileReference; lastKnownFileType = sourcecode.swift; path = MainWindowView.swift; sourceTree = "<group>"; };
		4A8229752B07F38F00AB611D /* Metric WidgetExtension.appex */ = {isa = PBXFileReference; explicitFileType = "wrapper.app-extension"; includeInIndex = 0; path = "Metric WidgetExtension.appex"; sourceTree = BUILT_PRODUCTS_DIR; };
		4A8229792B07F38F00AB611D /* Metric_WidgetBundle.swift */ = {isa = PBXFileReference; lastKnownFileType = sourcecode.swift; path = Metric_WidgetBundle.swift; sourceTree = "<group>"; };
		4A82297B2B07F38F00AB611D /* Metric_Widget.swift */ = {isa = PBXFileReference; lastKnownFileType = sourcecode.swift; path = Metric_Widget.swift; sourceTree = "<group>"; };
		4A82297D2B07F38F00AB611D /* AppIntent.swift */ = {isa = PBXFileReference; lastKnownFileType = sourcecode.swift; path = AppIntent.swift; sourceTree = "<group>"; };
		4A82297F2B07F39000AB611D /* Assets.xcassets */ = {isa = PBXFileReference; lastKnownFileType = folder.assetcatalog; path = Assets.xcassets; sourceTree = "<group>"; };
		4A8229812B07F39000AB611D /* Info.plist */ = {isa = PBXFileReference; lastKnownFileType = text.plist.xml; path = Info.plist; sourceTree = "<group>"; };
		4A8229822B07F39000AB611D /* Metric_Widget.entitlements */ = {isa = PBXFileReference; lastKnownFileType = text.plist.entitlements; path = Metric_Widget.entitlements; sourceTree = "<group>"; };
		4A82298A2B07F5B900AB611D /* MetricService.swift */ = {isa = PBXFileReference; lastKnownFileType = sourcecode.swift; path = MetricService.swift; sourceTree = "<group>"; };
		4A8229912B0810A000AB611D /* Glassnode-At-A-Glance-Info.plist */ = {isa = PBXFileReference; lastKnownFileType = text.plist; path = "Glassnode-At-A-Glance-Info.plist"; sourceTree = SOURCE_ROOT; };
		4ADCE0D82B0905AE001A32D9 /* SharedDefaults.swift */ = {isa = PBXFileReference; lastKnownFileType = sourcecode.swift; path = SharedDefaults.swift; sourceTree = "<group>"; };
		4ADCE0DC2B0978B1001A32D9 /* KeychainStore.swift */ = {isa = PBXFileReference; lastKnownFileType = sourcecode.swift; path = KeychainStore.swift; sourceTree = "<group>"; };
/* End PBXFileReference section */

/* Begin PBXFrameworksBuildPhase section */
		4A8229222B07A34A00AB611D /* Frameworks */ = {
			isa = PBXFrameworksBuildPhase;
			buildActionMask = 2147483647;
			files = (
				4A136A702B097B28001AA82A /* KeychainSwift in Frameworks */,
			);
			runOnlyForDeploymentPostprocessing = 0;
		};
		4A8229722B07F38F00AB611D /* Frameworks */ = {
			isa = PBXFrameworksBuildPhase;
			buildActionMask = 2147483647;
			files = (
				4A136A722B097B2E001AA82A /* KeychainSwift in Frameworks */,
				4A8229772B07F38F00AB611D /* SwiftUI.framework in Frameworks */,
				4A8229762B07F38F00AB611D /* WidgetKit.framework in Frameworks */,
			);
			runOnlyForDeploymentPostprocessing = 0;
		};
/* End PBXFrameworksBuildPhase section */

/* Begin PBXGroup section */
		4A5FD7922B08FCA800686470 /* PreviewData */ = {
			isa = PBXGroup;
			children = (
				4A5FD7952B08FCDC00686470 /* ProfitCount */,
			);
			path = PreviewData;
			sourceTree = "<group>";
		};
		4A5FD7952B08FCDC00686470 /* ProfitCount */ = {
			isa = PBXGroup;
			children = (
				4A5FD7932B08FCBC00686470 /* profit_count.json */,
				4A5FD7962B08FCEC00686470 /* ProfitCountDataModel.swift */,
			);
			path = ProfitCount;
			sourceTree = "<group>";
		};
		4A82291C2B07A34900AB611D = {
			isa = PBXGroup;
			children = (
				4A8229272B07A34A00AB611D /* Glassnode At A Glance */,
				4A8229782B07F38F00AB611D /* Metric Widget */,
				4A82293C2B07A39D00AB611D /* Frameworks */,
				4A8229262B07A34A00AB611D /* Products */,
			);
			sourceTree = "<group>";
		};
		4A8229262B07A34A00AB611D /* Products */ = {
			isa = PBXGroup;
			children = (
				4A8229252B07A34A00AB611D /* Glassnode At A Glance.app */,
				4A8229752B07F38F00AB611D /* Metric WidgetExtension.appex */,
			);
			name = Products;
			sourceTree = "<group>";
		};
		4A8229272B07A34A00AB611D /* Glassnode At A Glance */ = {
			isa = PBXGroup;
			children = (
				4ADCE0D72B0905A2001A32D9 /* SharedDefaults */,
				4A8229912B0810A000AB611D /* Glassnode-At-A-Glance-Info.plist */,
				4A8229282B07A34A00AB611D /* Glassnode_At_A_GlanceApp.swift */,
				4A82292A2B07A34A00AB611D /* ContentView.swift */,
				4A82292C2B07A34B00AB611D /* Assets.xcassets */,
				4A82292E2B07A34B00AB611D /* Glassnode_At_A_Glance.entitlements */,
				4A82292F2B07A34B00AB611D /* Preview Content */,
				4A8229562B07EEA700AB611D /* MainWindowView.swift */,
			);
			path = "Glassnode At A Glance";
			sourceTree = "<group>";
		};
		4A82292F2B07A34B00AB611D /* Preview Content */ = {
			isa = PBXGroup;
			children = (
				4A8229302B07A34B00AB611D /* Preview Assets.xcassets */,
			);
			path = "Preview Content";
			sourceTree = "<group>";
		};
		4A82293C2B07A39D00AB611D /* Frameworks */ = {
			isa = PBXGroup;
			children = (
				4A82293D2B07A39D00AB611D /* WidgetKit.framework */,
				4A82293F2B07A39D00AB611D /* SwiftUI.framework */,
			);
			name = Frameworks;
			sourceTree = "<group>";
		};
		4A8229782B07F38F00AB611D /* Metric Widget */ = {
			isa = PBXGroup;
			children = (
				4A5FD7922B08FCA800686470 /* PreviewData */,
				4A8229892B07F59600AB611D /* DataService */,
				4A8229792B07F38F00AB611D /* Metric_WidgetBundle.swift */,
				4A82297B2B07F38F00AB611D /* Metric_Widget.swift */,
				4A82297D2B07F38F00AB611D /* AppIntent.swift */,
				4A82297F2B07F39000AB611D /* Assets.xcassets */,
				4A8229812B07F39000AB611D /* Info.plist */,
				4A8229822B07F39000AB611D /* Metric_Widget.entitlements */,
			);
			path = "Metric Widget";
			sourceTree = "<group>";
		};
		4A8229892B07F59600AB611D /* DataService */ = {
			isa = PBXGroup;
			children = (
				4A82298A2B07F5B900AB611D /* MetricService.swift */,
			);
			path = DataService;
			sourceTree = "<group>";
		};
		4ADCE0D72B0905A2001A32D9 /* SharedDefaults */ = {
			isa = PBXGroup;
			children = (
				4ADCE0D82B0905AE001A32D9 /* SharedDefaults.swift */,
				4ADCE0DC2B0978B1001A32D9 /* KeychainStore.swift */,
			);
			path = SharedDefaults;
			sourceTree = "<group>";
		};
/* End PBXGroup section */

/* Begin PBXNativeTarget section */
		4A8229242B07A34A00AB611D /* Glassnode At A Glance */ = {
			isa = PBXNativeTarget;
			buildConfigurationList = 4A8229342B07A34B00AB611D /* Build configuration list for PBXNativeTarget "Glassnode At A Glance" */;
			buildPhases = (
				4A8229212B07A34A00AB611D /* Sources */,
				4A8229222B07A34A00AB611D /* Frameworks */,
				4A8229232B07A34A00AB611D /* Resources */,
				4A8229532B07A39E00AB611D /* Embed Foundation Extensions */,
			);
			buildRules = (
			);
			dependencies = (
				4A8229842B07F39000AB611D /* PBXTargetDependency */,
			);
			name = "Glassnode At A Glance";
			packageProductDependencies = (
				4A136A6F2B097B28001AA82A /* KeychainSwift */,
			);
			productName = "Glassnode At A Glance";
			productReference = 4A8229252B07A34A00AB611D /* Glassnode At A Glance.app */;
			productType = "com.apple.product-type.application";
		};
		4A8229742B07F38F00AB611D /* Metric WidgetExtension */ = {
			isa = PBXNativeTarget;
			buildConfigurationList = 4A8229862B07F39000AB611D /* Build configuration list for PBXNativeTarget "Metric WidgetExtension" */;
			buildPhases = (
				4A8229712B07F38F00AB611D /* Sources */,
				4A8229722B07F38F00AB611D /* Frameworks */,
				4A8229732B07F38F00AB611D /* Resources */,
			);
			buildRules = (
			);
			dependencies = (
			);
			name = "Metric WidgetExtension";
			packageProductDependencies = (
				4A136A712B097B2E001AA82A /* KeychainSwift */,
			);
			productName = "Metric WidgetExtension";
			productReference = 4A8229752B07F38F00AB611D /* Metric WidgetExtension.appex */;
			productType = "com.apple.product-type.app-extension";
		};
/* End PBXNativeTarget section */

/* Begin PBXProject section */
		4A82291D2B07A34900AB611D /* Project object */ = {
			isa = PBXProject;
			attributes = {
				BuildIndependentTargetsInParallel = 1;
				LastSwiftUpdateCheck = 1500;
				LastUpgradeCheck = 1500;
				TargetAttributes = {
					4A8229242B07A34A00AB611D = {
						CreatedOnToolsVersion = 15.0;
					};
					4A8229742B07F38F00AB611D = {
						CreatedOnToolsVersion = 15.0;
					};
				};
			};
			buildConfigurationList = 4A8229202B07A34900AB611D /* Build configuration list for PBXProject "Glassnode At A Glance" */;
			compatibilityVersion = "Xcode 14.0";
			developmentRegion = en;
			hasScannedForEncodings = 0;
			knownRegions = (
				en,
				Base,
			);
			mainGroup = 4A82291C2B07A34900AB611D;
			packageReferences = (
				4ADCE0DB2B097869001A32D9 /* XCRemoteSwiftPackageReference "keychain-swift" */,
			);
			productRefGroup = 4A8229262B07A34A00AB611D /* Products */;
			projectDirPath = "";
			projectRoot = "";
			targets = (
				4A8229242B07A34A00AB611D /* Glassnode At A Glance */,
				4A8229742B07F38F00AB611D /* Metric WidgetExtension */,
			);
		};
/* End PBXProject section */

/* Begin PBXResourcesBuildPhase section */
		4A8229232B07A34A00AB611D /* Resources */ = {
			isa = PBXResourcesBuildPhase;
			buildActionMask = 2147483647;
			files = (
				4A8229312B07A34B00AB611D /* Preview Assets.xcassets in Resources */,
				4A82292D2B07A34B00AB611D /* Assets.xcassets in Resources */,
			);
			runOnlyForDeploymentPostprocessing = 0;
		};
		4A8229732B07F38F00AB611D /* Resources */ = {
			isa = PBXResourcesBuildPhase;
			buildActionMask = 2147483647;
			files = (
				4A8229802B07F39000AB611D /* Assets.xcassets in Resources */,
				4A5FD7942B08FCBC00686470 /* profit_count.json in Resources */,
			);
			runOnlyForDeploymentPostprocessing = 0;
		};
/* End PBXResourcesBuildPhase section */

/* Begin PBXSourcesBuildPhase section */
		4A8229212B07A34A00AB611D /* Sources */ = {
			isa = PBXSourcesBuildPhase;
			buildActionMask = 2147483647;
			files = (
				4A8229572B07EEA700AB611D /* MainWindowView.swift in Sources */,
				4A82292B2B07A34A00AB611D /* ContentView.swift in Sources */,
				4ADCE0D92B0905AE001A32D9 /* SharedDefaults.swift in Sources */,
				4A8229292B07A34A00AB611D /* Glassnode_At_A_GlanceApp.swift in Sources */,
				4ADCE0DD2B0978B1001A32D9 /* KeychainStore.swift in Sources */,
			);
			runOnlyForDeploymentPostprocessing = 0;
		};
		4A8229712B07F38F00AB611D /* Sources */ = {
			isa = PBXSourcesBuildPhase;
			buildActionMask = 2147483647;
			files = (
				4A82297A2B07F38F00AB611D /* Metric_WidgetBundle.swift in Sources */,
				4A82297C2B07F38F00AB611D /* Metric_Widget.swift in Sources */,
				4ADCE0DA2B0905FA001A32D9 /* SharedDefaults.swift in Sources */,
				4A5FD7972B08FCEC00686470 /* ProfitCountDataModel.swift in Sources */,
				4A136A732B097CC0001AA82A /* KeychainStore.swift in Sources */,
				4A82297E2B07F38F00AB611D /* AppIntent.swift in Sources */,
				4A82298C2B08105F00AB611D /* MetricService.swift in Sources */,
			);
			runOnlyForDeploymentPostprocessing = 0;
		};
/* End PBXSourcesBuildPhase section */

/* Begin PBXTargetDependency section */
		4A8229842B07F39000AB611D /* PBXTargetDependency */ = {
			isa = PBXTargetDependency;
			target = 4A8229742B07F38F00AB611D /* Metric WidgetExtension */;
			targetProxy = 4A8229832B07F39000AB611D /* PBXContainerItemProxy */;
		};
/* End PBXTargetDependency section */

/* Begin XCBuildConfiguration section */
		4A8229322B07A34B00AB611D /* Debug */ = {
			isa = XCBuildConfiguration;
			buildSettings = {
				ALWAYS_SEARCH_USER_PATHS = NO;
				ASSETCATALOG_COMPILER_GENERATE_SWIFT_ASSET_SYMBOL_EXTENSIONS = YES;
				CLANG_ANALYZER_NONNULL = YES;
				CLANG_ANALYZER_NUMBER_OBJECT_CONVERSION = YES_AGGRESSIVE;
				CLANG_CXX_LANGUAGE_STANDARD = "gnu++20";
				CLANG_ENABLE_MODULES = YES;
				CLANG_ENABLE_OBJC_ARC = YES;
				CLANG_ENABLE_OBJC_WEAK = YES;
				CLANG_WARN_BLOCK_CAPTURE_AUTORELEASING = YES;
				CLANG_WARN_BOOL_CONVERSION = YES;
				CLANG_WARN_COMMA = YES;
				CLANG_WARN_CONSTANT_CONVERSION = YES;
				CLANG_WARN_DEPRECATED_OBJC_IMPLEMENTATIONS = YES;
				CLANG_WARN_DIRECT_OBJC_ISA_USAGE = YES_ERROR;
				CLANG_WARN_DOCUMENTATION_COMMENTS = YES;
				CLANG_WARN_EMPTY_BODY = YES;
				CLANG_WARN_ENUM_CONVERSION = YES;
				CLANG_WARN_INFINITE_RECURSION = YES;
				CLANG_WARN_INT_CONVERSION = YES;
				CLANG_WARN_NON_LITERAL_NULL_CONVERSION = YES;
				CLANG_WARN_OBJC_IMPLICIT_RETAIN_SELF = YES;
				CLANG_WARN_OBJC_LITERAL_CONVERSION = YES;
				CLANG_WARN_OBJC_ROOT_CLASS = YES_ERROR;
				CLANG_WARN_QUOTED_INCLUDE_IN_FRAMEWORK_HEADER = YES;
				CLANG_WARN_RANGE_LOOP_ANALYSIS = YES;
				CLANG_WARN_STRICT_PROTOTYPES = YES;
				CLANG_WARN_SUSPICIOUS_MOVE = YES;
				CLANG_WARN_UNGUARDED_AVAILABILITY = YES_AGGRESSIVE;
				CLANG_WARN_UNREACHABLE_CODE = YES;
				CLANG_WARN__DUPLICATE_METHOD_MATCH = YES;
				COPY_PHASE_STRIP = NO;
				DEBUG_INFORMATION_FORMAT = dwarf;
				ENABLE_STRICT_OBJC_MSGSEND = YES;
				ENABLE_TESTABILITY = YES;
				ENABLE_USER_SCRIPT_SANDBOXING = YES;
				GCC_C_LANGUAGE_STANDARD = gnu17;
				GCC_DYNAMIC_NO_PIC = NO;
				GCC_NO_COMMON_BLOCKS = YES;
				GCC_OPTIMIZATION_LEVEL = 0;
				GCC_PREPROCESSOR_DEFINITIONS = (
					"DEBUG=1",
					"$(inherited)",
				);
				GCC_WARN_64_TO_32_BIT_CONVERSION = YES;
				GCC_WARN_ABOUT_RETURN_TYPE = YES_ERROR;
				GCC_WARN_UNDECLARED_SELECTOR = YES;
				GCC_WARN_UNINITIALIZED_AUTOS = YES_AGGRESSIVE;
				GCC_WARN_UNUSED_FUNCTION = YES;
				GCC_WARN_UNUSED_VARIABLE = YES;
				LOCALIZATION_PREFERS_STRING_CATALOGS = YES;
				MTL_ENABLE_DEBUG_INFO = INCLUDE_SOURCE;
				MTL_FAST_MATH = YES;
				ONLY_ACTIVE_ARCH = YES;
				SWIFT_ACTIVE_COMPILATION_CONDITIONS = "DEBUG $(inherited)";
				SWIFT_OPTIMIZATION_LEVEL = "-Onone";
			};
			name = Debug;
		};
		4A8229332B07A34B00AB611D /* Release */ = {
			isa = XCBuildConfiguration;
			buildSettings = {
				ALWAYS_SEARCH_USER_PATHS = NO;
				ASSETCATALOG_COMPILER_GENERATE_SWIFT_ASSET_SYMBOL_EXTENSIONS = YES;
				CLANG_ANALYZER_NONNULL = YES;
				CLANG_ANALYZER_NUMBER_OBJECT_CONVERSION = YES_AGGRESSIVE;
				CLANG_CXX_LANGUAGE_STANDARD = "gnu++20";
				CLANG_ENABLE_MODULES = YES;
				CLANG_ENABLE_OBJC_ARC = YES;
				CLANG_ENABLE_OBJC_WEAK = YES;
				CLANG_WARN_BLOCK_CAPTURE_AUTORELEASING = YES;
				CLANG_WARN_BOOL_CONVERSION = YES;
				CLANG_WARN_COMMA = YES;
				CLANG_WARN_CONSTANT_CONVERSION = YES;
				CLANG_WARN_DEPRECATED_OBJC_IMPLEMENTATIONS = YES;
				CLANG_WARN_DIRECT_OBJC_ISA_USAGE = YES_ERROR;
				CLANG_WARN_DOCUMENTATION_COMMENTS = YES;
				CLANG_WARN_EMPTY_BODY = YES;
				CLANG_WARN_ENUM_CONVERSION = YES;
				CLANG_WARN_INFINITE_RECURSION = YES;
				CLANG_WARN_INT_CONVERSION = YES;
				CLANG_WARN_NON_LITERAL_NULL_CONVERSION = YES;
				CLANG_WARN_OBJC_IMPLICIT_RETAIN_SELF = YES;
				CLANG_WARN_OBJC_LITERAL_CONVERSION = YES;
				CLANG_WARN_OBJC_ROOT_CLASS = YES_ERROR;
				CLANG_WARN_QUOTED_INCLUDE_IN_FRAMEWORK_HEADER = YES;
				CLANG_WARN_RANGE_LOOP_ANALYSIS = YES;
				CLANG_WARN_STRICT_PROTOTYPES = YES;
				CLANG_WARN_SUSPICIOUS_MOVE = YES;
				CLANG_WARN_UNGUARDED_AVAILABILITY = YES_AGGRESSIVE;
				CLANG_WARN_UNREACHABLE_CODE = YES;
				CLANG_WARN__DUPLICATE_METHOD_MATCH = YES;
				COPY_PHASE_STRIP = NO;
				DEBUG_INFORMATION_FORMAT = "dwarf-with-dsym";
				ENABLE_NS_ASSERTIONS = NO;
				ENABLE_STRICT_OBJC_MSGSEND = YES;
				ENABLE_USER_SCRIPT_SANDBOXING = YES;
				GCC_C_LANGUAGE_STANDARD = gnu17;
				GCC_NO_COMMON_BLOCKS = YES;
				GCC_WARN_64_TO_32_BIT_CONVERSION = YES;
				GCC_WARN_ABOUT_RETURN_TYPE = YES_ERROR;
				GCC_WARN_UNDECLARED_SELECTOR = YES;
				GCC_WARN_UNINITIALIZED_AUTOS = YES_AGGRESSIVE;
				GCC_WARN_UNUSED_FUNCTION = YES;
				GCC_WARN_UNUSED_VARIABLE = YES;
				LOCALIZATION_PREFERS_STRING_CATALOGS = YES;
				MTL_ENABLE_DEBUG_INFO = NO;
				MTL_FAST_MATH = YES;
				SWIFT_COMPILATION_MODE = wholemodule;
			};
			name = Release;
		};
		4A8229352B07A34B00AB611D /* Debug */ = {
			isa = XCBuildConfiguration;
			buildSettings = {
				ALWAYS_EMBED_SWIFT_STANDARD_LIBRARIES = YES;
				ASSETCATALOG_COMPILER_APPICON_NAME = AppIcon;
				ASSETCATALOG_COMPILER_GLOBAL_ACCENT_COLOR_NAME = AccentColor;
				ASSETCATALOG_COMPILER_INCLUDE_ALL_APPICON_ASSETS = YES;
				CODE_SIGN_ENTITLEMENTS = "Glassnode At A Glance/Glassnode_At_A_Glance.entitlements";
				"CODE_SIGN_IDENTITY[sdk=macosx*]" = "Apple Development";
				CODE_SIGN_STYLE = Automatic;
				CURRENT_PROJECT_VERSION = 1;
				DEVELOPMENT_ASSET_PATHS = "\"Glassnode At A Glance/Preview Content\"";
				DEVELOPMENT_TEAM = 73N8SZQ662;
				ENABLE_HARDENED_RUNTIME = YES;
				ENABLE_PREVIEWS = YES;
				GENERATE_INFOPLIST_FILE = YES;
				INFOPLIST_FILE = "Glassnode-At-A-Glance-Info.plist";
				"INFOPLIST_KEY_UIApplicationSceneManifest_Generation[sdk=iphoneos*]" = YES;
				"INFOPLIST_KEY_UIApplicationSceneManifest_Generation[sdk=iphonesimulator*]" = YES;
				"INFOPLIST_KEY_UIApplicationSupportsIndirectInputEvents[sdk=iphoneos*]" = YES;
				"INFOPLIST_KEY_UIApplicationSupportsIndirectInputEvents[sdk=iphonesimulator*]" = YES;
				"INFOPLIST_KEY_UILaunchScreen_Generation[sdk=iphoneos*]" = YES;
				"INFOPLIST_KEY_UILaunchScreen_Generation[sdk=iphonesimulator*]" = YES;
				"INFOPLIST_KEY_UIStatusBarStyle[sdk=iphoneos*]" = UIStatusBarStyleDefault;
				"INFOPLIST_KEY_UIStatusBarStyle[sdk=iphonesimulator*]" = UIStatusBarStyleDefault;
				INFOPLIST_KEY_UISupportedInterfaceOrientations_iPad = "UIInterfaceOrientationPortrait UIInterfaceOrientationPortraitUpsideDown UIInterfaceOrientationLandscapeLeft UIInterfaceOrientationLandscapeRight";
				INFOPLIST_KEY_UISupportedInterfaceOrientations_iPhone = "UIInterfaceOrientationPortrait UIInterfaceOrientationLandscapeLeft UIInterfaceOrientationLandscapeRight";
				IPHONEOS_DEPLOYMENT_TARGET = 17.0;
				LD_RUNPATH_SEARCH_PATHS = "@executable_path/Frameworks";
				"LD_RUNPATH_SEARCH_PATHS[sdk=macosx*]" = "@executable_path/../Frameworks";
				MACOSX_DEPLOYMENT_TARGET = 14.0;
				MARKETING_VERSION = 1.0;
				PRODUCT_BUNDLE_IDENTIFIER = "com.bartaxyz.Glassnode-At-A-Glance";
				PRODUCT_NAME = "$(TARGET_NAME)";
				SDKROOT = auto;
				SUPPORTED_PLATFORMS = macosx;
				SUPPORTS_MACCATALYST = NO;
				SWIFT_EMIT_LOC_STRINGS = YES;
				SWIFT_VERSION = 5.0;
			};
			name = Debug;
		};
		4A8229362B07A34B00AB611D /* Release */ = {
			isa = XCBuildConfiguration;
			buildSettings = {
				ALWAYS_EMBED_SWIFT_STANDARD_LIBRARIES = YES;
				ASSETCATALOG_COMPILER_APPICON_NAME = AppIcon;
				ASSETCATALOG_COMPILER_GLOBAL_ACCENT_COLOR_NAME = AccentColor;
				ASSETCATALOG_COMPILER_INCLUDE_ALL_APPICON_ASSETS = YES;
				CODE_SIGN_ENTITLEMENTS = "Glassnode At A Glance/Glassnode_At_A_Glance.entitlements";
				"CODE_SIGN_IDENTITY[sdk=macosx*]" = "Apple Development";
				CODE_SIGN_STYLE = Automatic;
				CURRENT_PROJECT_VERSION = 1;
				DEVELOPMENT_ASSET_PATHS = "\"Glassnode At A Glance/Preview Content\"";
				DEVELOPMENT_TEAM = 73N8SZQ662;
				ENABLE_HARDENED_RUNTIME = YES;
				ENABLE_PREVIEWS = YES;
				GENERATE_INFOPLIST_FILE = YES;
				INFOPLIST_FILE = "Glassnode-At-A-Glance-Info.plist";
				"INFOPLIST_KEY_UIApplicationSceneManifest_Generation[sdk=iphoneos*]" = YES;
				"INFOPLIST_KEY_UIApplicationSceneManifest_Generation[sdk=iphonesimulator*]" = YES;
				"INFOPLIST_KEY_UIApplicationSupportsIndirectInputEvents[sdk=iphoneos*]" = YES;
				"INFOPLIST_KEY_UIApplicationSupportsIndirectInputEvents[sdk=iphonesimulator*]" = YES;
				"INFOPLIST_KEY_UILaunchScreen_Generation[sdk=iphoneos*]" = YES;
				"INFOPLIST_KEY_UILaunchScreen_Generation[sdk=iphonesimulator*]" = YES;
				"INFOPLIST_KEY_UIStatusBarStyle[sdk=iphoneos*]" = UIStatusBarStyleDefault;
				"INFOPLIST_KEY_UIStatusBarStyle[sdk=iphonesimulator*]" = UIStatusBarStyleDefault;
				INFOPLIST_KEY_UISupportedInterfaceOrientations_iPad = "UIInterfaceOrientationPortrait UIInterfaceOrientationPortraitUpsideDown UIInterfaceOrientationLandscapeLeft UIInterfaceOrientationLandscapeRight";
				INFOPLIST_KEY_UISupportedInterfaceOrientations_iPhone = "UIInterfaceOrientationPortrait UIInterfaceOrientationLandscapeLeft UIInterfaceOrientationLandscapeRight";
				IPHONEOS_DEPLOYMENT_TARGET = 17.0;
				LD_RUNPATH_SEARCH_PATHS = "@executable_path/Frameworks";
				"LD_RUNPATH_SEARCH_PATHS[sdk=macosx*]" = "@executable_path/../Frameworks";
				MACOSX_DEPLOYMENT_TARGET = 14.0;
				MARKETING_VERSION = 1.0;
				PRODUCT_BUNDLE_IDENTIFIER = "com.bartaxyz.Glassnode-At-A-Glance";
				PRODUCT_NAME = "$(TARGET_NAME)";
				SDKROOT = auto;
				SUPPORTED_PLATFORMS = macosx;
				SUPPORTS_MACCATALYST = NO;
				SWIFT_EMIT_LOC_STRINGS = YES;
				SWIFT_VERSION = 5.0;
			};
			name = Release;
		};
		4A8229872B07F39000AB611D /* Debug */ = {
			isa = XCBuildConfiguration;
			buildSettings = {
				ASSETCATALOG_COMPILER_GLOBAL_ACCENT_COLOR_NAME = AccentColor;
				ASSETCATALOG_COMPILER_WIDGET_BACKGROUND_COLOR_NAME = WidgetBackground;
				CODE_SIGN_ENTITLEMENTS = "Metric Widget/Metric_Widget.entitlements";
				CODE_SIGN_IDENTITY = "Apple Development";
				CODE_SIGN_STYLE = Automatic;
				CURRENT_PROJECT_VERSION = 1;
				DEVELOPMENT_TEAM = 73N8SZQ662;
				ENABLE_HARDENED_RUNTIME = YES;
				GENERATE_INFOPLIST_FILE = YES;
				INFOPLIST_FILE = "Metric Widget/Info.plist";
				INFOPLIST_KEY_CFBundleDisplayName = "Metric Widget";
				INFOPLIST_KEY_NSHumanReadableCopyright = "";
				LD_RUNPATH_SEARCH_PATHS = (
					"$(inherited)",
					"@executable_path/../Frameworks",
					"@executable_path/../../../../Frameworks",
				);
				MACOSX_DEPLOYMENT_TARGET = 14.0;
				MARKETING_VERSION = 1.0;
				PRODUCT_BUNDLE_IDENTIFIER = "com.bartaxyz.Glassnode-At-A-Glance.Metric-Widget";
				PRODUCT_NAME = "$(TARGET_NAME)";
				PROVISIONING_PROFILE_SPECIFIER = "";
				SDKROOT = macosx;
				SKIP_INSTALL = YES;
				SWIFT_EMIT_LOC_STRINGS = YES;
				SWIFT_VERSION = 5.0;
			};
			name = Debug;
		};
		4A8229882B07F39000AB611D /* Release */ = {
			isa = XCBuildConfiguration;
			buildSettings = {
				ASSETCATALOG_COMPILER_GLOBAL_ACCENT_COLOR_NAME = AccentColor;
				ASSETCATALOG_COMPILER_WIDGET_BACKGROUND_COLOR_NAME = WidgetBackground;
				CODE_SIGN_ENTITLEMENTS = "Metric Widget/Metric_Widget.entitlements";
				CODE_SIGN_IDENTITY = "Apple Development";
				CODE_SIGN_STYLE = Automatic;
				CURRENT_PROJECT_VERSION = 1;
				DEVELOPMENT_TEAM = 73N8SZQ662;
				ENABLE_HARDENED_RUNTIME = YES;
				GENERATE_INFOPLIST_FILE = YES;
				INFOPLIST_FILE = "Metric Widget/Info.plist";
				INFOPLIST_KEY_CFBundleDisplayName = "Metric Widget";
				INFOPLIST_KEY_NSHumanReadableCopyright = "";
				LD_RUNPATH_SEARCH_PATHS = (
					"$(inherited)",
					"@executable_path/../Frameworks",
					"@executable_path/../../../../Frameworks",
				);
				MACOSX_DEPLOYMENT_TARGET = 14.0;
				MARKETING_VERSION = 1.0;
				PRODUCT_BUNDLE_IDENTIFIER = "com.bartaxyz.Glassnode-At-A-Glance.Metric-Widget";
				PRODUCT_NAME = "$(TARGET_NAME)";
				PROVISIONING_PROFILE_SPECIFIER = "";
				SDKROOT = macosx;
				SKIP_INSTALL = YES;
				SWIFT_EMIT_LOC_STRINGS = YES;
				SWIFT_VERSION = 5.0;
			};
			name = Release;
		};
/* End XCBuildConfiguration section */

/* Begin XCConfigurationList section */
		4A8229202B07A34900AB611D /* Build configuration list for PBXProject "Glassnode At A Glance" */ = {
			isa = XCConfigurationList;
			buildConfigurations = (
				4A8229322B07A34B00AB611D /* Debug */,
				4A8229332B07A34B00AB611D /* Release */,
			);
			defaultConfigurationIsVisible = 0;
			defaultConfigurationName = Release;
		};
		4A8229342B07A34B00AB611D /* Build configuration list for PBXNativeTarget "Glassnode At A Glance" */ = {
			isa = XCConfigurationList;
			buildConfigurations = (
				4A8229352B07A34B00AB611D /* Debug */,
				4A8229362B07A34B00AB611D /* Release */,
			);
			defaultConfigurationIsVisible = 0;
			defaultConfigurationName = Release;
		};
		4A8229862B07F39000AB611D /* Build configuration list for PBXNativeTarget "Metric WidgetExtension" */ = {
			isa = XCConfigurationList;
			buildConfigurations = (
				4A8229872B07F39000AB611D /* Debug */,
				4A8229882B07F39000AB611D /* Release */,
			);
			defaultConfigurationIsVisible = 0;
			defaultConfigurationName = Release;
		};
/* End XCConfigurationList section */

/* Begin XCRemoteSwiftPackageReference section */
		4ADCE0DB2B097869001A32D9 /* XCRemoteSwiftPackageReference "keychain-swift" */ = {
			isa = XCRemoteSwiftPackageReference;
			repositoryURL = "https://github.com/evgenyneu/keychain-swift.git";
			requirement = {
				kind = upToNextMajorVersion;
				minimumVersion = 20.0.0;
			};
		};
/* End XCRemoteSwiftPackageReference section */

/* Begin XCSwiftPackageProductDependency section */
		4A136A6F2B097B28001AA82A /* KeychainSwift */ = {
			isa = XCSwiftPackageProductDependency;
			package = 4ADCE0DB2B097869001A32D9 /* XCRemoteSwiftPackageReference "keychain-swift" */;
			productName = KeychainSwift;
		};
		4A136A712B097B2E001AA82A /* KeychainSwift */ = {
			isa = XCSwiftPackageProductDependency;
			package = 4ADCE0DB2B097869001A32D9 /* XCRemoteSwiftPackageReference "keychain-swift" */;
			productName = KeychainSwift;
		};
/* End XCSwiftPackageProductDependency section */
	};
	rootObject = 4A82291D2B07A34900AB611D /* Project object */;
}
